{
    "_meta": {
        "hash": {
            "sha256": "8b4d0f719a75a738c1d5ad14b68600c37a0a8d7e10d992948dd33df40389653b"
        },
        "pipfile-spec": 6,
        "requires": {
            "python_version": "3.6"
        },
        "sources": [
            {
                "name": "pypi",
                "url": "https://pypi.python.org/simple",
                "verify_ssl": true
            }
        ]
    },
    "default": {
        "pyperclip": {
            "hashes": [
                "sha256:ce829433a9af640e08ee89b20f7c62132714bcc5d77df114044d0fccb8c3b3b8"
            ],
            "index": "pypi",
            "version": "==1.6.0"
        },
        "selenium": {
            "hashes": [
                "sha256:3af07d7a4b5d523540fa4f32902b9dec15e0379862406aef974729f42411053d",
                "sha256:af448c15b3225056cd406b435cda10bfcee250460a4811e4fd8b21be9f61626c"
            ],
            "index": "pypi",
            "version": "==3.8.0"
        }
    },
    "develop": {}
}
